{
  "version": "5",
  "specifiers": {
    "jsr:@std/async@^1.2.0": "1.2.0",
    "jsr:@std/cli@*": "1.0.29",
    "jsr:@std/fs@^1.0.23": "1.0.23",
    "jsr:@std/internal@^1.0.12": "1.0.13",
    "jsr:@std/internal@^1.0.13": "1.0.13",
    "jsr:@std/path@*": "1.1.4",
    "jsr:@std/path@^1.1.4": "1.1.4",
    "npm:@types/node@^25.5.0": "25.5.0",
    "npm:@types/pouchdb@*": "6.4.2",
    "npm:@types/pouchdb@^6.4.2": "6.4.2",
    "npm:brace-expansion@^5.0.5": "5.0.5",
    "npm:chokidar@5": "5.0.0",
    "npm:diff@9": "9.0.0",
    "npm:fflate@~0.8.2": "0.8.2",
    "npm:hash-wasm@4.12.0": "4.12.0",
    "npm:hash-wasm@^4.12.0": "4.12.0",
    "npm:minimatch@^10.2.5": "10.2.5",
    "npm:octagonal-wheels@~0.1.45": "0.1.45"
  },
  "jsr": {
    "@std/async@1.2.0": {
      "integrity": "c059c6f6d95ca7cc012ae8e8d7164d1697113d54b0b679e4372b354b11c2dee5"
    },
    "@std/cli@1.0.29": {
      "integrity": "fa4ef29130baa834d8a13b7d138240c3a2fcfba740bfb7afa646a360a15ec84f",
      "dependencies": [
        "jsr:@std/internal@^1.0.13"
      ]
    },
    "@std/fs@1.0.23": {
      "integrity": "3ecbae4ce4fee03b180fa710caff36bb5adb66631c46a6460aaad49515565a37",
      "dependencies": [
        "jsr:@std/internal@^1.0.12",
        "jsr:@std/path@^1.1.4"
      ]
    },
    "@std/internal@1.0.12": {
      "integrity": "972a634fd5bc34b242024402972cd5143eac68d8dffaca5eaa4dba30ce17b027"
    },
    "@std/internal@1.0.13": {
      "integrity": "2f9546691d4ac2d32859c82dff284aaeac980ddeca38430d07941e7e288725c0"
    },
    "@std/path@1.1.4": {
      "integrity": "1d2d43f39efb1b42f0b1882a25486647cb851481862dc7313390b2bb044314b5",
      "dependencies": [
        "jsr:@std/internal@^1.0.12"
      ]
    }
  },
  "npm": {
    "@types/debug@4.1.12": {
      "integrity": "sha512-vIChWdVG3LG1SMxEvI/AK+FWJthlrqlTu7fbrlywTkkaONwk/UAGaULXRlf8vkzFBLVm0zkMdCquhL5aOjhXPQ==",
      "dependencies": [
        "@types/ms"
      ]
    },
    "@types/ms@2.1.0": {
      "integrity": "sha512-GsCCIZDE/p3i96vtEqx+7dBUGXrc7zeSK3wwPHIaRThS+9OhWIXRqzs4d6k1SVU8g91DrNRWxWUGhp5KXQb2VA=="
    },
    "@types/node@25.5.0": {
      "integrity": "sha512-jp2P3tQMSxWugkCUKLRPVUpGaL5MVFwF8RDuSRztfwgN1wmqJeMSbKlnEtQqU8UrhTmzEmZdu2I6v2dpp7XIxw==",
      "dependencies": [
        "undici-types"
      ]
    },
    "@types/pouchdb-adapter-cordova-sqlite@1.0.4": {
      "integrity": "sha512-1MGjmAMux3OIyJ+iXfhJ5hNIzS+KjGJ05O3bF5Gen5TiJUFNK1bOp3VVV9SxXgz+hGwnBruBAWdAqhbB6ZHhSA==",
      "dependencies": [
        "@types/pouchdb-core"
      ]
    },
    "@types/pouchdb-adapter-fruitdown@6.1.6": {
      "integrity": "sha512-KaFB29hUI97eTtJI6pjv7EQcqhZ63qHWovKgyiE+HZF5fVmdrBbTmnIrbR87AJXcXKy47+oQFJ7rzxY8TalpLQ==",
      "dependencies": [
        "@types/pouchdb-core"
      ]
    },
    "@types/pouchdb-adapter-http@6.1.6": {
      "integrity": "sha512-DJur1mt07GJXwGb5K+MOILoCOSgoQpsi7hybcTzRLeR3IO8Y8eq7TnhTkftAJdx9VHJGOiOXFjO+8BYM69j5yA==",
      "dependencies": [
        "@types/pouchdb-core"
      ]
    },
    "@types/pouchdb-adapter-idb@6.1.7": {
      "integrity": "sha512-KwjkJ4fTNz5wPXYu20bUoWud7ty0t7tgdo4oc0AJvG+fcURAH7mI7uFmpE4dZIT+hUq5G61xu96AVq9b2q4T3g==",
      "dependencies": [
        "@types/pouchdb-core"
      ]
    },
    "@types/pouchdb-adapter-leveldb@6.1.6": {
      "integrity": "sha512-mqeTpA2Ni2U4FA5ISRESy4WwhfUahXViUa3jQpXGdSpruaeHlhTLzZJPyz7/mGlvdAfAFv9Vd5d6ys3ASmMujw==",
      "dependencies": [
        "@types/pouchdb-core"
      ]
    },
    "@types/pouchdb-adapter-localstorage@6.1.6": {
      "integrity": "sha512-+HQBCpD80XkKJE64r7uLwzkNRgkvMnhDI5rIFLx3USxdrRph/R3awcEubRFndcgtxzcUaL9iYw9KetgFMUqPrg==",
      "dependencies": [
        "@types/pouchdb-core"
      ]
    },
    "@types/pouchdb-adapter-memory@6.1.6": {
      "integrity": "sha512-QCCtW561XuwFACzP/4zYySzs/a4em0EeuQdszen0YOaGV1/fRqJE0dOlmzh8do4sNJomLO6+MFtEzguGljnkgA==",
      "dependencies": [
        "@types/pouchdb-core"
      ]
    },
    "@types/pouchdb-adapter-node-websql@6.1.5": {
      "integrity": "sha512-yi68syUvHs4OM3mzKlh4zfpov64KITIAnxi387zgdby6SEfAJzWPC0dfH77iEVRDGCrKb3cKTNkl/UGHnphaow==",
      "dependencies": [
        "@types/pouchdb-adapter-websql",
        "@types/pouchdb-core"
      ]
    },
    "@types/pouchdb-adapter-websql@6.1.7": {
      "integrity": "sha512-9oNkP5ZCGMkQALO9KmtbHXlkBq8i2hoCEE6/gWzRicAvL1y+WIKjEQiIIEamMhj5u5tARvW3n2/r+JXwLCyYgw==",
      "dependencies": [
        "@types/pouchdb-core"
      ]
    },
    "@types/pouchdb-browser@6.1.5": {
      "integrity": "sha512-f+HjxEjYFpgoYWXnMI9AQZZ+SIG8dBiBPrpfWWGsCl+48rumsP5BuBWHq/aXoB8SRKYO0XdP4TNvMBWM3UATCw==",
      "dependencies": [
        "@types/pouchdb-adapter-http",
        "@types/pouchdb-adapter-idb",
        "@types/pouchdb-adapter-websql",
        "@types/pouchdb-core",
        "@types/pouchdb-mapreduce",
        "@types/pouchdb-replication"
      ]
    },
    "@types/pouchdb-core@7.0.15": {
      "integrity": "sha512-gq1Qbqn9nCaAKRRv6fRHZ4/ER+QYEwSXBZlDQcxwdbPrtZO8EhIn2Bct0AlguaSEdFcABfbaxxyQwFINkNQ9dQ==",
      "dependencies": [
        "@types/debug",
        "@types/pouchdb-find"
      ]
    },
    "@types/pouchdb-find@7.3.3": {
      "integrity": "sha512-U7zXk67s9Ar+9Pwj5kSbuMnn8zif0AOOIPy4KRFeJ/S/Tk+mNS90soj+3OV21H8xyB7WTxjvS1JLablZC6C6ow==",
      "dependencies": [
        "@types/pouchdb-core"
      ]
    },
    "@types/pouchdb-http@6.1.5": {
      "integrity": "sha512-9jGCAl6DUsXIl1vjuPu8tzGykAr84549P4IS0zYdrOKq5eXzQRUb/tb2hEVTmmTcYKXu2P1N55ABsdDNZvzGGA==",
      "dependencies": [
        "@types/pouchdb-adapter-http",
        "@types/pouchdb-core"
      ]
    },
    "@types/pouchdb-mapreduce@6.1.10": {
      "integrity": "sha512-AgYVqCnaA5D7cWkWyzZVuk0137N4yZsmIQTD/i3DmuMxYYoFrtWUoQu0tbA52SpTRGdL8ubQ7JFQXzA13fA6IQ==",
      "dependencies": [
        "@types/pouchdb-core"
      ]
    },
    "@types/pouchdb-node@6.1.7": {
      "integrity": "sha512-hryc2eCtNB3GbLcHSwU8glLaY66gDMus1AYkcIYAAxufdnK2BAy1oxaRLmnwRn1A1vG41P/t0htFD161LUnfQw==",
      "dependencies": [
        "@types/pouchdb-adapter-http",
        "@types/pouchdb-adapter-leveldb",
        "@types/pouchdb-core",
        "@types/pouchdb-mapreduce",
        "@types/pouchdb-replication"
      ]
    },
    "@types/pouchdb-replication@6.4.7": {
      "integrity": "sha512-slB4zOwri3SAVHioFx/FWC/KqOzzb7nDFtV+qzaKzxkf+U5zTwCbK3uRHaj0d/XQk0DwVeajf1ni3Wiyq3j2OA==",
      "dependencies": [
        "@types/pouchdb-core",
        "@types/pouchdb-find"
      ]
    },
    "@types/pouchdb@6.4.2": {
      "integrity": "sha512-YsI47rASdtzR+3V3JE2UKY58snhm0AglHBpyckQBkRYoCbTvGagXHtV0x5n8nzN04jQmvTG+Sm85cIzKT3KXBA==",
      "dependencies": [
        "@types/pouchdb-adapter-cordova-sqlite",
        "@types/pouchdb-adapter-fruitdown",
        "@types/pouchdb-adapter-http",
        "@types/pouchdb-adapter-idb",
        "@types/pouchdb-adapter-leveldb",
        "@types/pouchdb-adapter-localstorage",
        "@types/pouchdb-adapter-memory",
        "@types/pouchdb-adapter-node-websql",
        "@types/pouchdb-adapter-websql",
        "@types/pouchdb-browser",
        "@types/pouchdb-core",
        "@types/pouchdb-http",
        "@types/pouchdb-mapreduce",
        "@types/pouchdb-node",
        "@types/pouchdb-replication"
      ]
    },
    "balanced-match@4.0.4": {
      "integrity": "sha512-BLrgEcRTwX2o6gGxGOCNyMvGSp35YofuYzw9h1IMTRmKqttAZZVU67bdb9Pr2vUHA8+j3i2tJfjO6C6+4myGTA=="
    },
    "brace-expansion@5.0.5": {
      "integrity": "sha512-VZznLgtwhn+Mact9tfiwx64fA9erHH/MCXEUfB/0bX/6Fz6ny5EGTXYltMocqg4xFAQZtnO3DHWWXi8RiuN7cQ==",
      "dependencies": [
        "balanced-match"
      ]
    },
    "chokidar@5.0.0": {
      "integrity": "sha512-TQMmc3w+5AxjpL8iIiwebF73dRDF4fBIieAqGn9RGCWaEVwQ6Fb2cGe31Yns0RRIzii5goJ1Y7xbMwo1TxMplw==",
      "dependencies": [
        "readdirp"
      ]
    },
    "diff@9.0.0": {
      "integrity": "sha512-svtcdpS8CgJyqAjEQIXdb3OjhFVVYjzGAPO8WGCmRbrml64SPw/jJD4GoE98aR7r25A0XcgrK3F02yw9R/vhQw=="
    },
    "fflate@0.8.2": {
      "integrity": "sha512-cPJU47OaAoCbg0pBvzsgpTPhmhqI5eJjh/JIu8tPj5q+T7iLvW/JAYUqmE7KOB4R1ZyEhzBaIQpQpardBF5z8A=="
    },
    "hash-wasm@4.12.0": {
      "integrity": "sha512-+/2B2rYLb48I/evdOIhP+K/DD2ca2fgBjp6O+GBEnCDk2e4rpeXIK8GvIyRPjTezgmWn9gmKwkQjjx6BtqDHVQ=="
    },
    "idb@8.0.3": {
      "integrity": "sha512-LtwtVyVYO5BqRvcsKuB2iUMnHwPVByPCXFXOpuU96IZPPoPN6xjOGxZQ74pgSVVLQWtUOYgyeL4GE98BY5D3wg=="
    },
    "minimatch@10.2.5": {
      "integrity": "sha512-MULkVLfKGYDFYejP07QOurDLLQpcjk7Fw+7jXS2R2czRQzR56yHRveU5NDJEOviH+hETZKSkIk5c+T23GjFUMg==",
      "dependencies": [
        "brace-expansion"
      ]
    },
    "octagonal-wheels@0.1.45": {
      "integrity": "sha512-gXoCrwoUIXhmu57YN4BxAtBe+JaYNJNaXaZuVjqjopwYKpH5p2mn1om6KjA22rgGPiIJFXkse2U28FFXoT3/0Q==",
      "dependencies": [
        "idb"
      ]
    },
    "readdirp@5.0.0": {
      "integrity": "sha512-9u/XQ1pvrQtYyMpZe7DXKv2p5CNvyVwzUB6uhLAnQwHMSgKMBR62lc7AHljaeteeHXn11XTAaLLUVZYVZyuRBQ=="
    },
    "undici-types@7.18.2": {
      "integrity": "sha512-AsuCzffGHJybSaRrmr5eHr81mwJU3kjw6M+uprWvCXiNeN9SOGwQ3Jn8jb8m3Z6izVgknn1R0FTCEAP2QrLY/w=="
    }
  },
  "workspace": {
    "dependencies": [
      "jsr:@std/async@^1.2.0",
      "jsr:@std/fs@^1.0.23",
      "jsr:@std/path@^1.1.4",
      "npm:@types/node@^25.5.0",
      "npm:@types/pouchdb@*",
      "npm:@types/pouchdb@^6.4.2",
      "npm:brace-expansion@^5.0.5",
      "npm:chokidar@5",
      "npm:diff@9",
      "npm:fflate@~0.8.2",
      "npm:hash-wasm@^4.12.0",
      "npm:minimatch@^10.2.5",
      "npm:octagonal-wheels@~0.1.45"
    ]
  }
}
